
Microsoft Visual Studio Solution File, Format Version 12.00
# Visual Studio 2013
VisualStudioVersion = 12.0.21005.1
MinimumVisualStudioVersion = 10.0.40219.1
Project("{FAE04EC0-301F-11D3-BF4B-00C04F79EFBC}") = "TravelNew", "TravelNew\TravelNew.csproj", "{71A8F93B-FF5A-4F12-B572-60360C1C99EF}"
EndProject
Project("{FAE04EC0-301F-11D3-BF4B-00C04F79EFBC}") = "UnitTests", "UnitTests\UnitTests.csproj", "{69A898D1-AAB0-426A-BD1B-342C804581BF}"
EndProject
Global
	GlobalSection(SolutionConfigurationPlatforms) = preSolution
		Debug|Any CPU = Debug|Any CPU
		Release|Any CPU = Release|Any CPU
	EndGlobalSection
	GlobalSection(ProjectConfigurationPlatforms) = postSolution
		{71A8F93B-FF5A-4F12-B572-60360C1C99EF}.Debug|Any CPU.ActiveCfg = Debug|Any CPU
		{71A8F93B-FF5A-4F12-B572-60360C1C99EF}.Debug|Any CPU.Build.0 = Debug|Any CPU
		{71A8F93B-FF5A-4F12-B572-60360C1C99EF}.Release|Any CPU.ActiveCfg = Release|Any CPU
		{71A8F93B-FF5A-4F12-B572-60360C1C99EF}.Release|Any CPU.Build.0 = Release|Any CPU
		{69A898D1-AAB0-426A-BD1B-342C804581BF}.Debug|Any CPU.ActiveCfg = Debug|Any CPU
		{69A898D1-AAB0-426A-BD1B-342C804581BF}.Debug|Any CPU.Build.0 = Debug|Any CPU
		{69A898D1-AAB0-426A-BD1B-342C804581BF}.Release|Any CPU.ActiveCfg = Release|Any CPU
		{69A898D1-AAB0-426A-BD1B-342C804581BF}.Release|Any CPU.Build.0 = Release|Any CPU
	EndGlobalSection
	GlobalSection(SolutionProperties) = preSolution
		HideSolutionNode = FALSE
	EndGlobalSection
EndGlobal
